
Microsoft Visual Studio Solution File, Format Version 12.00
# Visual Studio Version 16
VisualStudioVersion = 16.0.31729.503
MinimumVisualStudioVersion = 10.0.40219.1
Project("{FAE04EC0-301F-11D3-BF4B-00C04F79EFBC}") = "Restaurant-Managment-System", "Restaurant-Managment-System\Restaurant-Managment-System.csproj", "{0C6FF9AF-8CC6-4167-8E9A-F40E11BE9A60}"
EndProject
Global
	GlobalSection(SolutionConfigurationPlatforms) = preSolution
		Debug|Any CPU = Debug|Any CPU
		Release|Any CPU = Release|Any CPU
	EndGlobalSection
	GlobalSection(ProjectConfigurationPlatforms) = postSolution
		{0C6FF9AF-8CC6-4167-8E9A-F40E11BE9A60}.Debug|Any CPU.ActiveCfg = Debug|Any CPU
		{0C6FF9AF-8CC6-4167-8E9A-F40E11BE9A60}.Debug|Any CPU.Build.0 = Debug|Any CPU
		{0C6FF9AF-8CC6-4167-8E9A-F40E11BE9A60}.Release|Any CPU.ActiveCfg = Release|Any CPU
		{0C6FF9AF-8CC6-4167-8E9A-F40E11BE9A60}.Release|Any CPU.Build.0 = Release|Any CPU
	EndGlobalSection
	GlobalSection(SolutionProperties) = preSolution
		HideSolutionNode = FALSE
	EndGlobalSection
	GlobalSection(ExtensibilityGlobals) = postSolution
		SolutionGuid = {E30D6EA2-D748-4C51-97D5-0F132C3F86F3}
	EndGlobalSection
EndGlobal
